
Microsoft Visual Studio Solution File, Format Version 12.00
# Visual Studio Version 17
VisualStudioVersion = 17.13.35919.96
MinimumVisualStudioVersion = 10.0.40219.1
Project("{FAE04EC0-301F-11D3-BF4B-00C04F79EFBC}") = "OnlineExamination", "OnlineExamination\OnlineExamination.csproj", "{865F8D0A-E9FC-4D60-A3FC-71297302A616}"
EndProject
Global
	GlobalSection(SolutionConfigurationPlatforms) = preSolution
		Debug|Any CPU = Debug|Any CPU
		Release|Any CPU = Release|Any CPU
	EndGlobalSection
	GlobalSection(ProjectConfigurationPlatforms) = postSolution
		{865F8D0A-E9FC-4D60-A3FC-71297302A616}.Debug|Any CPU.ActiveCfg = Debug|Any CPU
		{865F8D0A-E9FC-4D60-A3FC-71297302A616}.Debug|Any CPU.Build.0 = Debug|Any CPU
		{865F8D0A-E9FC-4D60-A3FC-71297302A616}.Release|Any CPU.ActiveCfg = Release|Any CPU
		{865F8D0A-E9FC-4D60-A3FC-71297302A616}.Release|Any CPU.Build.0 = Release|Any CPU
	EndGlobalSection
	GlobalSection(SolutionProperties) = preSolution
		HideSolutionNode = FALSE
	EndGlobalSection
	GlobalSection(ExtensibilityGlobals) = postSolution
		SolutionGuid = {929E13B7-EA26-4425-93E5-1FA877764DF5}
	EndGlobalSection
EndGlobal
